
Microsoft Visual Studio Solution File, Format Version 12.00
# Visual Studio Version 17
VisualStudioVersion = 17.1.32414.318
MinimumVisualStudioVersion = 10.0.40219.1
Project("{2150E333-8FDC-42A3-9474-1A3956D46DE8}") = "src", "src", "{6A454E21-5E60-4CE0-99FD-3EA1F1581573}"
EndProject
Project("{2150E333-8FDC-42A3-9474-1A3956D46DE8}") = "tests", "tests", "{EE466AEC-92C1-4DE1-8F35-D05823BF16D4}"
EndProject
Project("{FAE04EC0-301F-11D3-BF4B-00C04F79EFBC}") = "Marco.ApiGateway", "src\api-gateway\Marco.ApiGateway.csproj", "{32109051-CC91-4142-A035-5B2BB3727EFD}"
EndProject
Global
	GlobalSection(SolutionProperties) = preSolution
		HideSolutionNode = FALSE
	EndGlobalSection
	GlobalSection(ExtensibilityGlobals) = postSolution
		SolutionGuid = {13ED0EB7-9AB7-4549-AE1E-49FAB14E4792}
	EndGlobalSection
	GlobalSection(SolutionConfigurationPlatforms) = preSolution
		Debug|Any CPU = Debug|Any CPU
		Debug|x64 = Debug|x64
		Debug|x86 = Debug|x86
		Release|Any CPU = Release|Any CPU
		Release|x64 = Release|x64
		Release|x86 = Release|x86
	EndGlobalSection
	GlobalSection(ProjectConfigurationPlatforms) = postSolution
		{32109051-CC91-4142-A035-5B2BB3727EFD}.Debug|Any CPU.ActiveCfg = Debug|Any CPU
		{32109051-CC91-4142-A035-5B2BB3727EFD}.Debug|Any CPU.Build.0 = Debug|Any CPU
		{32109051-CC91-4142-A035-5B2BB3727EFD}.Debug|x64.ActiveCfg = Debug|Any CPU
		{32109051-CC91-4142-A035-5B2BB3727EFD}.Debug|x64.Build.0 = Debug|Any CPU
		{32109051-CC91-4142-A035-5B2BB3727EFD}.Debug|x86.ActiveCfg = Debug|Any CPU
		{32109051-CC91-4142-A035-5B2BB3727EFD}.Debug|x86.Build.0 = Debug|Any CPU
		{32109051-CC91-4142-A035-5B2BB3727EFD}.Release|Any CPU.ActiveCfg = Release|Any CPU
		{32109051-CC91-4142-A035-5B2BB3727EFD}.Release|Any CPU.Build.0 = Release|Any CPU
		{32109051-CC91-4142-A035-5B2BB3727EFD}.Release|x64.ActiveCfg = Release|Any CPU
		{32109051-CC91-4142-A035-5B2BB3727EFD}.Release|x64.Build.0 = Release|Any CPU
		{32109051-CC91-4142-A035-5B2BB3727EFD}.Release|x86.ActiveCfg = Release|Any CPU
		{32109051-CC91-4142-A035-5B2BB3727EFD}.Release|x86.Build.0 = Release|Any CPU
	EndGlobalSection
	GlobalSection(NestedProjects) = preSolution
		{32109051-CC91-4142-A035-5B2BB3727EFD} = {6A454E21-5E60-4CE0-99FD-3EA1F1581573}
	EndGlobalSection
EndGlobal
